
Microsoft Visual Studio Solution File, Format Version 12.00
# Visual Studio Version 17
VisualStudioVersion = 17.12.35521.163 d17.12
MinimumVisualStudioVersion = 10.0.40219.1
Project("{FAE04EC0-301F-11D3-BF4B-00C04F79EFBC}") = "Emp_Dapper_Useing_3databases", "Emp_Dapper_Useing_3databases\Emp_Dapper_Useing_3databases.csproj", "{92613071-5053-42C4-AE94-4565C58ED7BE}"
EndProject
Global
	GlobalSection(SolutionConfigurationPlatforms) = preSolution
		Debug|Any CPU = Debug|Any CPU
		Release|Any CPU = Release|Any CPU
	EndGlobalSection
	GlobalSection(ProjectConfigurationPlatforms) = postSolution
		{92613071-5053-42C4-AE94-4565C58ED7BE}.Debug|Any CPU.ActiveCfg = Debug|Any CPU
		{92613071-5053-42C4-AE94-4565C58ED7BE}.Debug|Any CPU.Build.0 = Debug|Any CPU
		{92613071-5053-42C4-AE94-4565C58ED7BE}.Release|Any CPU.ActiveCfg = Release|Any CPU
		{92613071-5053-42C4-AE94-4565C58ED7BE}.Release|Any CPU.Build.0 = Release|Any CPU
	EndGlobalSection
	GlobalSection(SolutionProperties) = preSolution
		HideSolutionNode = FALSE
	EndGlobalSection
EndGlobal
